// !$*UTF8*$!
{
	archiveVersion = 1;
	classes = {
	};
	objectVersion = 50;
	objects = {

/* Begin PBXBuildFile section */
		8474F12523D5848F008F2D40 /* AppDelegate.swift in Sources */ = {isa = PBXBuildFile; fileRef = 8474F12423D5848F008F2D40 /* AppDelegate.swift */; };
		8474F12723D5848F008F2D40 /* SceneDelegate.swift in Sources */ = {isa = PBXBuildFile; fileRef = 8474F12623D5848F008F2D40 /* SceneDelegate.swift */; };
		8474F12C23D5848F008F2D40 /* Main.storyboard in Resources */ = {isa = PBXBuildFile; fileRef = 8474F12A23D5848F008F2D40 /* Main.storyboard */; };
		8474F12E23D58490008F2D40 /* Assets.xcassets in Resources */ = {isa = PBXBuildFile; fileRef = 8474F12D23D58490008F2D40 /* Assets.xcassets */; };
		8474F13123D58490008F2D40 /* LaunchScreen.storyboard in Resources */ = {isa = PBXBuildFile; fileRef = 8474F12F23D58490008F2D40 /* LaunchScreen.storyboard */; };
		8474F13D23D58604008F2D40 /* ContainerController.swift in Sources */ = {isa = PBXBuildFile; fileRef = 8474F13C23D58604008F2D40 /* ContainerController.swift */; };
		8474F13F23D58614008F2D40 /* HomeController.swift in Sources */ = {isa = PBXBuildFile; fileRef = 8474F13E23D58614008F2D40 /* HomeController.swift */; };
		8474F14123D5862C008F2D40 /* MenuController.swift in Sources */ = {isa = PBXBuildFile; fileRef = 8474F14023D5862C008F2D40 /* MenuController.swift */; };
		84F4308F23D6D7E0006C8BAD /* Protocols.swift in Sources */ = {isa = PBXBuildFile; fileRef = 84F4308E23D6D7E0006C8BAD /* Protocols.swift */; };
		84F4309123D6ED61006C8BAD /* MenuOptionCell.swift in Sources */ = {isa = PBXBuildFile; fileRef = 84F4309023D6ED61006C8BAD /* MenuOptionCell.swift */; };
		84F4309323D70D21006C8BAD /* MenuOption.swift in Sources */ = {isa = PBXBuildFile; fileRef = 84F4309223D70D21006C8BAD /* MenuOption.swift */; };
/* End PBXBuildFile section */

/* Begin PBXFileReference section */
		8474F12123D5848F008F2D40 /* SideMenu.app */ = {isa = PBXFileReference; explicitFileType = wrapper.application; includeInIndex = 0; path = SideMenu.app; sourceTree = BUILT_PRODUCTS_DIR; };
		8474F12423D5848F008F2D40 /* AppDelegate.swift */ = {isa = PBXFileReference; lastKnownFileType = sourcecode.swift; path = AppDelegate.swift; sourceTree = "<group>"; };
		8474F12623D5848F008F2D40 /* SceneDelegate.swift */ = {isa = PBXFileReference; lastKnownFileType = sourcecode.swift; path = SceneDelegate.swift; sourceTree = "<group>"; };
		8474F12B23D5848F008F2D40 /* Base */ = {isa = PBXFileReference; lastKnownFileType = file.storyboard; name = Base; path = Base.lproj/Main.storyboard; sourceTree = "<group>"; };
		8474F12D23D58490008F2D40 /* Assets.xcassets */ = {isa = PBXFileReference; lastKnownFileType = folder.assetcatalog; path = Assets.xcassets; sourceTree = "<group>"; };
		8474F13023D58490008F2D40 /* Base */ = {isa = PBXFileReference; lastKnownFileType = file.storyboard; name = Base; path = Base.lproj/LaunchScreen.storyboard; sourceTree = "<group>"; };
		8474F13223D58490008F2D40 /* Info.plist */ = {isa = PBXFileReference; lastKnownFileType = text.plist.xml; path = Info.plist; sourceTree = "<group>"; };
		8474F13C23D58604008F2D40 /* ContainerController.swift */ = {isa = PBXFileReference; lastKnownFileType = sourcecode.swift; path = ContainerController.swift; sourceTree = "<group>"; };
		8474F13E23D58614008F2D40 /* HomeController.swift */ = {isa = PBXFileReference; lastKnownFileType = sourcecode.swift; path = HomeController.swift; sourceTree = "<group>"; };
		8474F14023D5862C008F2D40 /* MenuController.swift */ = {isa = PBXFileReference; lastKnownFileType = sourcecode.swift; path = MenuController.swift; sourceTree = "<group>"; };
		84F4308E23D6D7E0006C8BAD /* Protocols.swift */ = {isa = PBXFileReference; lastKnownFileType = sourcecode.swift; path = Protocols.swift; sourceTree = "<group>"; };
		84F4309023D6ED61006C8BAD /* MenuOptionCell.swift */ = {isa = PBXFileReference; lastKnownFileType = sourcecode.swift; path = MenuOptionCell.swift; sourceTree = "<group>"; };
		84F4309223D70D21006C8BAD /* MenuOption.swift */ = {isa = PBXFileReference; lastKnownFileType = sourcecode.swift; path = MenuOption.swift; sourceTree = "<group>"; };
/* End PBXFileReference section */

/* Begin PBXFrameworksBuildPhase section */
		8474F11E23D5848F008F2D40 /* Frameworks */ = {
			isa = PBXFrameworksBuildPhase;
			buildActionMask = 2147483647;
			files = (
			);
			runOnlyForDeploymentPostprocessing = 0;
		};
/* End PBXFrameworksBuildPhase section */

/* Begin PBXGroup section */
		8474F11823D5848F008F2D40 = {
			isa = PBXGroup;
			children = (
				8474F12323D5848F008F2D40 /* SideMenu */,
				8474F12223D5848F008F2D40 /* Products */,
			);
			sourceTree = "<group>";
		};
		8474F12223D5848F008F2D40 /* Products */ = {
			isa = PBXGroup;
			children = (
				8474F12123D5848F008F2D40 /* SideMenu.app */,
			);
			name = Products;
			sourceTree = "<group>";
		};
		8474F12323D5848F008F2D40 /* SideMenu */ = {
			isa = PBXGroup;
			children = (
				8474F13B23D585BA008F2D40 /* Utils */,
				8474F13A23D585B8008F2D40 /* Model */,
				8474F13923D585B5008F2D40 /* View */,
				8474F13823D585B1008F2D40 /* Controller */,
				8474F12423D5848F008F2D40 /* AppDelegate.swift */,
				8474F12623D5848F008F2D40 /* SceneDelegate.swift */,
				8474F12A23D5848F008F2D40 /* Main.storyboard */,
				8474F12D23D58490008F2D40 /* Assets.xcassets */,
				8474F12F23D58490008F2D40 /* LaunchScreen.storyboard */,
				8474F13223D58490008F2D40 /* Info.plist */,
			);
			path = SideMenu;
			sourceTree = "<group>";
		};
		8474F13823D585B1008F2D40 /* Controller */ = {
			isa = PBXGroup;
			children = (
				8474F13C23D58604008F2D40 /* ContainerController.swift */,
				8474F13E23D58614008F2D40 /* HomeController.swift */,
				8474F14023D5862C008F2D40 /* MenuController.swift */,
			);
			path = Controller;
			sourceTree = "<group>";
		};
		8474F13923D585B5008F2D40 /* View */ = {
			isa = PBXGroup;
			children = (
				84F4309023D6ED61006C8BAD /* MenuOptionCell.swift */,
			);
			path = View;
			sourceTree = "<group>";
		};
		8474F13A23D585B8008F2D40 /* Model */ = {
			isa = PBXGroup;
			children = (
				84F4309223D70D21006C8BAD /* MenuOption.swift */,
			);
			path = Model;
			sourceTree = "<group>";
		};
		8474F13B23D585BA008F2D40 /* Utils */ = {
			isa = PBXGroup;
			children = (
				84F4308E23D6D7E0006C8BAD /* Protocols.swift */,
			);
			path = Utils;
			sourceTree = "<group>";
		};
/* End PBXGroup section */

/* Begin PBXNativeTarget section */
		8474F12023D5848F008F2D40 /* SideMenu */ = {
			isa = PBXNativeTarget;
			buildConfigurationList = 8474F13523D58490008F2D40 /* Build configuration list for PBXNativeTarget "SideMenu" */;
			buildPhases = (
				8474F11D23D5848F008F2D40 /* Sources */,
				8474F11E23D5848F008F2D40 /* Frameworks */,
				8474F11F23D5848F008F2D40 /* Resources */,
			);
			buildRules = (
			);
			dependencies = (
			);
			name = SideMenu;
			productName = SideMenu;
			productReference = 8474F12123D5848F008F2D40 /* SideMenu.app */;
			productType = "com.apple.product-type.application";
		};
/* End PBXNativeTarget section */

/* Begin PBXProject section */
		8474F11923D5848F008F2D40 /* Project object */ = {
			isa = PBXProject;
			attributes = {
				LastSwiftUpdateCheck = 1130;
				LastUpgradeCheck = 1130;
				ORGANIZATIONNAME = admin;
				TargetAttributes = {
					8474F12023D5848F008F2D40 = {
						CreatedOnToolsVersion = 11.3.1;
					};
				};
			};
			buildConfigurationList = 8474F11C23D5848F008F2D40 /* Build configuration list for PBXProject "SideMenu" */;
			compatibilityVersion = "Xcode 9.3";
			developmentRegion = en;
			hasScannedForEncodings = 0;
			knownRegions = (
				en,
				Base,
			);
			mainGroup = 8474F11823D5848F008F2D40;
			productRefGroup = 8474F12223D5848F008F2D40 /* Products */;
			projectDirPath = "";
			projectRoot = "";
			targets = (
				8474F12023D5848F008F2D40 /* SideMenu */,
			);
		};
/* End PBXProject section */

/* Begin PBXResourcesBuildPhase section */
		8474F11F23D5848F008F2D40 /* Resources */ = {
			isa = PBXResourcesBuildPhase;
			buildActionMask = 2147483647;
			files = (
				8474F13123D58490008F2D40 /* LaunchScreen.storyboard in Resources */,
				8474F12E23D58490008F2D40 /* Assets.xcassets in Resources */,
				8474F12C23D5848F008F2D40 /* Main.storyboard in Resources */,
			);
			runOnlyForDeploymentPostprocessing = 0;
		};
/* End PBXResourcesBuildPhase section */

/* Begin PBXSourcesBuildPhase section */
		8474F11D23D5848F008F2D40 /* Sources */ = {
			isa = PBXSourcesBuildPhase;
			buildActionMask = 2147483647;
			files = (
				84F4309123D6ED61006C8BAD /* MenuOptionCell.swift in Sources */,
				8474F12523D5848F008F2D40 /* AppDelegate.swift in Sources */,
				8474F12723D5848F008F2D40 /* SceneDelegate.swift in Sources */,
				8474F13D23D58604008F2D40 /* ContainerController.swift in Sources */,
				84F4308F23D6D7E0006C8BAD /* Protocols.swift in Sources */,
				84F4309323D70D21006C8BAD /* MenuOption.swift in Sources */,
				8474F14123D5862C008F2D40 /* MenuController.swift in Sources */,
				8474F13F23D58614008F2D40 /* HomeController.swift in Sources */,
			);
			runOnlyForDeploymentPostprocessing = 0;
		};
/* End PBXSourcesBuildPhase section */

/* Begin PBXVariantGroup section */
		8474F12A23D5848F008F2D40 /* Main.storyboard */ = {
			isa = PBXVariantGroup;
			children = (
				8474F12B23D5848F008F2D40 /* Base */,
			);
			name = Main.storyboard;
			sourceTree = "<group>";
		};
		8474F12F23D58490008F2D40 /* LaunchScreen.storyboard */ = {
			isa = PBXVariantGroup;
			children = (
				8474F13023D58490008F2D40 /* Base */,
			);
			name = LaunchScreen.storyboard;
			sourceTree = "<group>";
		};
/* End PBXVariantGroup section */

/* Begin XCBuildConfiguration section */
		8474F13323D58490008F2D40 /* Debug */ = {
			isa = XCBuildConfiguration;
			buildSettings = {
				ALWAYS_SEARCH_USER_PATHS = NO;
				CLANG_ANALYZER_NONNULL = YES;
				CLANG_ANALYZER_NUMBER_OBJECT_CONVERSION = YES_AGGRESSIVE;
				CLANG_CXX_LANGUAGE_STANDARD = "gnu++14";
				CLANG_CXX_LIBRARY = "libc++";
				CLANG_ENABLE_MODULES = YES;
				CLANG_ENABLE_OBJC_ARC = YES;
				CLANG_ENABLE_OBJC_WEAK = YES;
				CLANG_WARN_BLOCK_CAPTURE_AUTORELEASING = YES;
				CLANG_WARN_BOOL_CONVERSION = YES;
				CLANG_WARN_COMMA = YES;
				CLANG_WARN_CONSTANT_CONVERSION = YES;
				CLANG_WARN_DEPRECATED_OBJC_IMPLEMENTATIONS = YES;
				CLANG_WARN_DIRECT_OBJC_ISA_USAGE = YES_ERROR;
				CLANG_WARN_DOCUMENTATION_COMMENTS = YES;
				CLANG_WARN_EMPTY_BODY = YES;
				CLANG_WARN_ENUM_CONVERSION = YES;
				CLANG_WARN_INFINITE_RECURSION = YES;
				CLANG_WARN_INT_CONVERSION = YES;
				CLANG_WARN_NON_LITERAL_NULL_CONVERSION = YES;
				CLANG_WARN_OBJC_IMPLICIT_RETAIN_SELF = YES;
				CLANG_WARN_OBJC_LITERAL_CONVERSION = YES;
				CLANG_WARN_OBJC_ROOT_CLASS = YES_ERROR;
				CLANG_WARN_RANGE_LOOP_ANALYSIS = YES;
				CLANG_WARN_STRICT_PROTOTYPES = YES;
				CLANG_WARN_SUSPICIOUS_MOVE = YES;
				CLANG_WARN_UNGUARDED_AVAILABILITY = YES_AGGRESSIVE;
				CLANG_WARN_UNREACHABLE_CODE = YES;
				CLANG_WARN__DUPLICATE_METHOD_MATCH = YES;
				COPY_PHASE_STRIP = NO;
				DEBUG_INFORMATION_FORMAT = dwarf;
				ENABLE_STRICT_OBJC_MSGSEND = YES;
				ENABLE_TESTABILITY = YES;
				GCC_C_LANGUAGE_STANDARD = gnu11;
				GCC_DYNAMIC_NO_PIC = NO;
				GCC_NO_COMMON_BLOCKS = YES;
				GCC_OPTIMIZATION_LEVEL = 0;
				GCC_PREPROCESSOR_DEFINITIONS = (
					"DEBUG=1",
					"$(inherited)",
				);
				GCC_WARN_64_TO_32_BIT_CONVERSION = YES;
				GCC_WARN_ABOUT_RETURN_TYPE = YES_ERROR;
				GCC_WARN_UNDECLARED_SELECTOR = YES;
				GCC_WARN_UNINITIALIZED_AUTOS = YES_AGGRESSIVE;
				GCC_WARN_UNUSED_FUNCTION = YES;
				GCC_WARN_UNUSED_VARIABLE = YES;
				IPHONEOS_DEPLOYMENT_TARGET = 13.2;
				MTL_ENABLE_DEBUG_INFO = INCLUDE_SOURCE;
				MTL_FAST_MATH = YES;
				ONLY_ACTIVE_ARCH = YES;
				SDKROOT = iphoneos;
				SWIFT_ACTIVE_COMPILATION_CONDITIONS = DEBUG;
				SWIFT_OPTIMIZATION_LEVEL = "-Onone";
			};
			name = Debug;
		};
		8474F13423D58490008F2D40 /* Release */ = {
			isa = XCBuildConfiguration;
			buildSettings = {
				ALWAYS_SEARCH_USER_PATHS = NO;
				CLANG_ANALYZER_NONNULL = YES;
				CLANG_ANALYZER_NUMBER_OBJECT_CONVERSION = YES_AGGRESSIVE;
				CLANG_CXX_LANGUAGE_STANDARD = "gnu++14";
				CLANG_CXX_LIBRARY = "libc++";
				CLANG_ENABLE_MODULES = YES;
				CLANG_ENABLE_OBJC_ARC = YES;
				CLANG_ENABLE_OBJC_WEAK = YES;
				CLANG_WARN_BLOCK_CAPTURE_AUTORELEASING = YES;
				CLANG_WARN_BOOL_CONVERSION = YES;
				CLANG_WARN_COMMA = YES;
				CLANG_WARN_CONSTANT_CONVERSION = YES;
				CLANG_WARN_DEPRECATED_OBJC_IMPLEMENTATIONS = YES;
				CLANG_WARN_DIRECT_OBJC_ISA_USAGE = YES_ERROR;
				CLANG_WARN_DOCUMENTATION_COMMENTS = YES;
				CLANG_WARN_EMPTY_BODY = YES;
				CLANG_WARN_ENUM_CONVERSION = YES;
				CLANG_WARN_INFINITE_RECURSION = YES;
				CLANG_WARN_INT_CONVERSION = YES;
				CLANG_WARN_NON_LITERAL_NULL_CONVERSION = YES;
				CLANG_WARN_OBJC_IMPLICIT_RETAIN_SELF = YES;
				CLANG_WARN_OBJC_LITERAL_CONVERSION = YES;
				CLANG_WARN_OBJC_ROOT_CLASS = YES_ERROR;
				CLANG_WARN_RANGE_LOOP_ANALYSIS = YES;
				CLANG_WARN_STRICT_PROTOTYPES = YES;
				CLANG_WARN_SUSPICIOUS_MOVE = YES;
				CLANG_WARN_UNGUARDED_AVAILABILITY = YES_AGGRESSIVE;
				CLANG_WARN_UNREACHABLE_CODE = YES;
				CLANG_WARN__DUPLICATE_METHOD_MATCH = YES;
				COPY_PHASE_STRIP = NO;
				DEBUG_INFORMATION_FORMAT = "dwarf-with-dsym";
				ENABLE_NS_ASSERTIONS = NO;
				ENABLE_STRICT_OBJC_MSGSEND = YES;
				GCC_C_LANGUAGE_STANDARD = gnu11;
				GCC_NO_COMMON_BLOCKS = YES;
				GCC_WARN_64_TO_32_BIT_CONVERSION = YES;
				GCC_WARN_ABOUT_RETURN_TYPE = YES_ERROR;
				GCC_WARN_UNDECLARED_SELECTOR = YES;
				GCC_WARN_UNINITIALIZED_AUTOS = YES_AGGRESSIVE;
				GCC_WARN_UNUSED_FUNCTION = YES;
				GCC_WARN_UNUSED_VARIABLE = YES;
				IPHONEOS_DEPLOYMENT_TARGET = 13.2;
				MTL_ENABLE_DEBUG_INFO = NO;
				MTL_FAST_MATH = YES;
				SDKROOT = iphoneos;
				SWIFT_COMPILATION_MODE = wholemodule;
				SWIFT_OPTIMIZATION_LEVEL = "-O";
				VALIDATE_PRODUCT = YES;
			};
			name = Release;
		};
		8474F13623D58490008F2D40 /* Debug */ = {
			isa = XCBuildConfiguration;
			buildSettings = {
				ASSETCATALOG_COMPILER_APPICON_NAME = AppIcon;
				CODE_SIGN_STYLE = Automatic;
				DEVELOPMENT_TEAM = 674HNU4UMD;
				INFOPLIST_FILE = SideMenu/Info.plist;
				LD_RUNPATH_SEARCH_PATHS = (
					"$(inherited)",
					"@executable_path/Frameworks",
				);
				PRODUCT_BUNDLE_IDENTIFIER = com.exon.SideMenu;
				PRODUCT_NAME = "$(TARGET_NAME)";
				SWIFT_VERSION = 5.0;
				TARGETED_DEVICE_FAMILY = "1,2";
			};
			name = Debug;
		};
		8474F13723D58490008F2D40 /* Release */ = {
			isa = XCBuildConfiguration;
			buildSettings = {
				ASSETCATALOG_COMPILER_APPICON_NAME = AppIcon;
				CODE_SIGN_STYLE = Automatic;
				DEVELOPMENT_TEAM = 674HNU4UMD;
				INFOPLIST_FILE = SideMenu/Info.plist;
				LD_RUNPATH_SEARCH_PATHS = (
					"$(inherited)",
					"@executable_path/Frameworks",
				);
				PRODUCT_BUNDLE_IDENTIFIER = com.exon.SideMenu;
				PRODUCT_NAME = "$(TARGET_NAME)";
				SWIFT_VERSION = 5.0;
				TARGETED_DEVICE_FAMILY = "1,2";
			};
			name = Release;
		};
/* End XCBuildConfiguration section */

/* Begin XCConfigurationList section */
		8474F11C23D5848F008F2D40 /* Build configuration list for PBXProject "SideMenu" */ = {
			isa = XCConfigurationList;
			buildConfigurations = (
				8474F13323D58490008F2D40 /* Debug */,
				8474F13423D58490008F2D40 /* Release */,
			);
			defaultConfigurationIsVisible = 0;
			defaultConfigurationName = Release;
		};
		8474F13523D58490008F2D40 /* Build configuration list for PBXNativeTarget "SideMenu" */ = {
			isa = XCConfigurationList;
			buildConfigurations = (
				8474F13623D58490008F2D40 /* Debug */,
				8474F13723D58490008F2D40 /* Release */,
			);
			defaultConfigurationIsVisible = 0;
			defaultConfigurationName = Release;
		};
/* End XCConfigurationList section */
	};
	rootObject = 8474F11923D5848F008F2D40 /* Project object */;
}
